# THIS IS AN AUTOGENERATED FILE. DO NOT EDIT THIS FILE DIRECTLY.
# yarn lockfile v1


sherpa-onnx@^1.12.23:
  version "1.12.23"
  resolved "https://registry.yarnpkg.com/sherpa-onnx/-/sherpa-onnx-1.12.23.tgz#8565cb5bca950b2052b6ba51fb897c2e8f72beeb"
  integrity sha512-QwgDwSIXx4DgbBE7h7VUXEVLO2vf7w3aJX3ng6WoTAcfB2NW7So4Zp4GtGemwgxZ6sfEh02JEVXUidejkX7V0A==

typescript@^5.9.3:
  version "5.9.3"
  resolved "https://registry.yarnpkg.com/typescript/-/typescript-5.9.3.tgz#5b4f59e15310ab17a216f5d6cf53ee476ede670f"
  integrity sha512-jl1vZzPDinLr9eUt3J/t7V6FgNEw9QjvBPdysz9KfQDD41fQrC2Y4vKQdiaUpFT4bXlb1RHhLpp8wtm6M5TgSw==
